{
  "name": "scripture-as-graph",
  "version": "1.0.0",
  "lockfileVersion": 1,
  "requires": true,
  "dependencies": {
    "@babel/runtime-corejs3": {
      "version": "7.10.3",
      "resolved": "https://registry.npmjs.org/@babel/runtime-corejs3/-/runtime-corejs3-7.10.3.tgz",
      "integrity": "sha512-HA7RPj5xvJxQl429r5Cxr2trJwOfPjKiqhCXcdQPSqO2G0RHPZpXu4fkYmBaTKCp2c/jRaMK9GB/lN+7zvvFPw==",
      "requires": {
        "core-js-pure": "^3.0.0",
        "regenerator-runtime": "^0.13.4"
      }
    },
    "at-least-node": {
      "version": "1.0.0",
      "resolved": "https://registry.npmjs.org/at-least-node/-/at-least-node-1.0.0.tgz",
      "integrity": "sha512-+q/t7Ekv1EDY2l6Gda6LLiX14rU9TV20Wa3ofeQmwPFZbOMo9DXrLbOjFaaclkXKWidIaopwAObQDqwWtGUjqg=="
    },
    "core-js-pure": {
      "version": "3.6.5",
      "resolved": "https://registry.npmjs.org/core-js-pure/-/core-js-pure-3.6.5.tgz",
      "integrity": "sha512-lacdXOimsiD0QyNf9BC/mxivNJ/ybBGJXQFKzRekp1WTHoVUWsUHEn+2T8GJAzzIhyOuXA+gOxCVN3l+5PLPUA=="
    },
    "fs-extra": {
      "version": "9.0.1",
      "resolved": "https://registry.npmjs.org/fs-extra/-/fs-extra-9.0.1.tgz",
      "integrity": "sha512-h2iAoN838FqAFJY2/qVpzFXy+EBxfVE220PalAqQLDVsFOHLJrZvut5puAbCdNv6WJk+B8ihI+k0c7JK5erwqQ==",
      "requires": {
        "at-least-node": "^1.0.0",
        "graceful-fs": "^4.2.0",
        "jsonfile": "^6.0.1",
        "universalify": "^1.0.0"
      }
    },
    "graceful-fs": {
      "version": "4.2.4",
      "resolved": "https://registry.npmjs.org/graceful-fs/-/graceful-fs-4.2.4.tgz",
      "integrity": "sha512-WjKPNJF79dtJAVniUlGGWHYGz2jWxT6VhN/4m1NdkbZ2nOsEF+cI1Edgql5zCRhs/VsQYRvrXctxktVXZUkixw=="
    },
    "jsonfile": {
      "version": "6.0.1",
      "resolved": "https://registry.npmjs.org/jsonfile/-/jsonfile-6.0.1.tgz",
      "integrity": "sha512-jR2b5v7d2vIOust+w3wtFKZIfpC2pnRmFAhAC/BuweZFQR8qZzxH1OyrQ10HmdVYiXWkYUqPVsz91cG7EL2FBg==",
      "requires": {
        "graceful-fs": "^4.1.6",
        "universalify": "^1.0.0"
      }
    },
    "lodash.clonedeep": {
      "version": "4.5.0",
      "resolved": "https://registry.npmjs.org/lodash.clonedeep/-/lodash.clonedeep-4.5.0.tgz",
      "integrity": "sha1-4j8/nE+Pvd6HJSnBBxhXoIblzO8="
    },
    "regenerator-runtime": {
      "version": "0.13.5",
      "resolved": "https://registry.npmjs.org/regenerator-runtime/-/regenerator-runtime-0.13.5.tgz",
      "integrity": "sha512-ZS5w8CpKFinUzOwW3c83oPeVXoNsrLsaCoLtJvAClH135j/R77RuymhiSErhm2lKcwSCIpmvIWSbDkIfAqKQlA=="
    },
    "universalify": {
      "version": "1.0.0",
      "resolved": "https://registry.npmjs.org/universalify/-/universalify-1.0.0.tgz",
      "integrity": "sha512-rb6X1W158d7pRQBg5gkR8uPaSfiids68LTJQYOtEUhoJUWBdaQHsuT/EUduxXYxcrt4r5PJ4fuHW1MHT6p0qug=="
    },
    "usfm-js": {
      "version": "2.1.0",
      "resolved": "https://registry.npmjs.org/usfm-js/-/usfm-js-2.1.0.tgz",
      "integrity": "sha512-DemzdzAwrVeuzRwnZYOKvAle/U2ZUUf04NQSVDgqZCSFyH7hVhe2/PWC7jT2DKnPMYoa0IxnG3XGbuOPXgZ/oQ==",
      "requires": {
        "lodash.clonedeep": "^4.5.0"
      }
    },
    "xregexp": {
      "version": "4.3.0",
      "resolved": "https://registry.npmjs.org/xregexp/-/xregexp-4.3.0.tgz",
      "integrity": "sha512-7jXDIFXh5yJ/orPn4SXjuVrWWoi4Cr8jfV1eHv9CixKSbU+jY4mxfrBwAuDvupPNKpMUY+FeIqsVw/JLT9+B8g==",
      "requires": {
        "@babel/runtime-corejs3": "^7.8.3"
      }
    }
  }
}
